
Microsoft Visual Studio Solution File, Format Version 12.00
# Visual Studio Version 17
VisualStudioVersion = 17.14.36511.14
MinimumVisualStudioVersion = 10.0.40219.1
Project("{FAE04EC0-301F-11D3-BF4B-00C04F79EFBC}") = "HospitalAppointment", "DoctorProfile_webapi\HospitalAppointment.csproj", "{12FDC779-67F1-4D5B-A5F0-9BD4698F6C87}"
EndProject
Global
	GlobalSection(SolutionConfigurationPlatforms) = preSolution
		Debug|Any CPU = Debug|Any CPU
		Release|Any CPU = Release|Any CPU
	EndGlobalSection
	GlobalSection(ProjectConfigurationPlatforms) = postSolution
		{12FDC779-67F1-4D5B-A5F0-9BD4698F6C87}.Debug|Any CPU.ActiveCfg = Debug|Any CPU
		{12FDC779-67F1-4D5B-A5F0-9BD4698F6C87}.Debug|Any CPU.Build.0 = Debug|Any CPU
		{12FDC779-67F1-4D5B-A5F0-9BD4698F6C87}.Release|Any CPU.ActiveCfg = Release|Any CPU
		{12FDC779-67F1-4D5B-A5F0-9BD4698F6C87}.Release|Any CPU.Build.0 = Release|Any CPU
	EndGlobalSection
	GlobalSection(SolutionProperties) = preSolution
		HideSolutionNode = FALSE
	EndGlobalSection
	GlobalSection(ExtensibilityGlobals) = postSolution
		SolutionGuid = {78AD42DB-64FF-4DCB-9923-7B5DBD2381D2}
	EndGlobalSection
EndGlobal
